
Microsoft Visual Studio Solution File, Format Version 12.00
# Visual Studio Version 17
VisualStudioVersion = 17.8.34330.188
MinimumVisualStudioVersion = 10.0.40219.1
Project("{9A19103F-16F7-4668-BE54-9A1E7A4F7556}") = "Autoservis01", "Autoservis01\Autoservis01.csproj", "{38454A3A-3C83-4CC5-82D1-D73CFBF18AC9}"
EndProject
Project("{2150E333-8FDC-42A3-9474-1A3956D46DE8}") = "Solution Items", "Solution Items", "{4A20AF8A-29E5-4E6E-8473-A18CB54ADD46}"
	ProjectSection(SolutionItems) = preProject
		.editorconfig = .editorconfig
	EndProjectSection
EndProject
Global
	GlobalSection(SolutionConfigurationPlatforms) = preSolution
		Debug|Any CPU = Debug|Any CPU
		Release|Any CPU = Release|Any CPU
	EndGlobalSection
	GlobalSection(ProjectConfigurationPlatforms) = postSolution
		{38454A3A-3C83-4CC5-82D1-D73CFBF18AC9}.Debug|Any CPU.ActiveCfg = Debug|Any CPU
		{38454A3A-3C83-4CC5-82D1-D73CFBF18AC9}.Debug|Any CPU.Build.0 = Debug|Any CPU
		{38454A3A-3C83-4CC5-82D1-D73CFBF18AC9}.Release|Any CPU.ActiveCfg = Release|Any CPU
		{38454A3A-3C83-4CC5-82D1-D73CFBF18AC9}.Release|Any CPU.Build.0 = Release|Any CPU
	EndGlobalSection
	GlobalSection(SolutionProperties) = preSolution
		HideSolutionNode = FALSE
	EndGlobalSection
	GlobalSection(ExtensibilityGlobals) = postSolution
		SolutionGuid = {C57DE575-4A75-473C-B142-BC81BB43DF80}
	EndGlobalSection
EndGlobal
